// !$*UTF8*$!
{
	archiveVersion = 1;
	classes = {
	};
	objectVersion = 46;
	objects = {

/* Begin PBXBuildFile section */
		A5E4A79F1A3C576200DA502D /* main.m in Sources */ = {isa = PBXBuildFile; fileRef = A5E4A79E1A3C576200DA502D /* main.m */; };
		A5E4A7A21A3C576200DA502D /* AppDelegate.m in Sources */ = {isa = PBXBuildFile; fileRef = A5E4A7A11A3C576200DA502D /* AppDelegate.m */; };
		A5E4A7A51A3C576200DA502D /* ViewController.m in Sources */ = {isa = PBXBuildFile; fileRef = A5E4A7A41A3C576200DA502D /* ViewController.m */; };
		A5E4A7A81A3C576200DA502D /* Main.storyboard in Resources */ = {isa = PBXBuildFile; fileRef = A5E4A7A61A3C576200DA502D /* Main.storyboard */; };
		A5E4A7AA1A3C576200DA502D /* Images.xcassets in Resources */ = {isa = PBXBuildFile; fileRef = A5E4A7A91A3C576200DA502D /* Images.xcassets */; };
		A5E4A7AD1A3C576200DA502D /* LaunchScreen.xib in Resources */ = {isa = PBXBuildFile; fileRef = A5E4A7AB1A3C576200DA502D /* LaunchScreen.xib */; };
		A5E4A7B91A3C576200DA502D /* MachismoTests.m in Sources */ = {isa = PBXBuildFile; fileRef = A5E4A7B81A3C576200DA502D /* MachismoTests.m */; };
/* End PBXBuildFile section */

/* Begin PBXContainerItemProxy section */
		A5E4A7B31A3C576200DA502D /* PBXContainerItemProxy */ = {
			isa = PBXContainerItemProxy;
			containerPortal = A5E4A7911A3C576200DA502D /* Project object */;
			proxyType = 1;
			remoteGlobalIDString = A5E4A7981A3C576200DA502D;
			remoteInfo = Machismo;
		};
/* End PBXContainerItemProxy section */

/* Begin PBXFileReference section */
		A5E4A7991A3C576200DA502D /* Machismo.app */ = {isa = PBXFileReference; explicitFileType = wrapper.application; includeInIndex = 0; path = Machismo.app; sourceTree = BUILT_PRODUCTS_DIR; };
		A5E4A79D1A3C576200DA502D /* Info.plist */ = {isa = PBXFileReference; lastKnownFileType = text.plist.xml; path = Info.plist; sourceTree = "<group>"; };
		A5E4A79E1A3C576200DA502D /* main.m */ = {isa = PBXFileReference; lastKnownFileType = sourcecode.c.objc; path = main.m; sourceTree = "<group>"; };
		A5E4A7A01A3C576200DA502D /* AppDelegate.h */ = {isa = PBXFileReference; lastKnownFileType = sourcecode.c.h; path = AppDelegate.h; sourceTree = "<group>"; };
		A5E4A7A11A3C576200DA502D /* AppDelegate.m */ = {isa = PBXFileReference; lastKnownFileType = sourcecode.c.objc; path = AppDelegate.m; sourceTree = "<group>"; };
		A5E4A7A31A3C576200DA502D /* ViewController.h */ = {isa = PBXFileReference; lastKnownFileType = sourcecode.c.h; path = ViewController.h; sourceTree = "<group>"; };
		A5E4A7A41A3C576200DA502D /* ViewController.m */ = {isa = PBXFileReference; lastKnownFileType = sourcecode.c.objc; path = ViewController.m; sourceTree = "<group>"; };
		A5E4A7A71A3C576200DA502D /* Base */ = {isa = PBXFileReference; lastKnownFileType = file.storyboard; name = Base; path = Base.lproj/Main.storyboard; sourceTree = "<group>"; };
		A5E4A7A91A3C576200DA502D /* Images.xcassets */ = {isa = PBXFileReference; lastKnownFileType = folder.assetcatalog; path = Images.xcassets; sourceTree = "<group>"; };
		A5E4A7AC1A3C576200DA502D /* Base */ = {isa = PBXFileReference; lastKnownFileType = file.xib; name = Base; path = Base.lproj/LaunchScreen.xib; sourceTree = "<group>"; };
		A5E4A7B21A3C576200DA502D /* MachismoTests.xctest */ = {isa = PBXFileReference; explicitFileType = wrapper.cfbundle; includeInIndex = 0; path = MachismoTests.xctest; sourceTree = BUILT_PRODUCTS_DIR; };
		A5E4A7B71A3C576200DA502D /* Info.plist */ = {isa = PBXFileReference; lastKnownFileType = text.plist.xml; path = Info.plist; sourceTree = "<group>"; };
		A5E4A7B81A3C576200DA502D /* MachismoTests.m */ = {isa = PBXFileReference; lastKnownFileType = sourcecode.c.objc; path = MachismoTests.m; sourceTree = "<group>"; };
/* End PBXFileReference section */

/* Begin PBXFrameworksBuildPhase section */
		A5E4A7961A3C576200DA502D /* Frameworks */ = {
			isa = PBXFrameworksBuildPhase;
			buildActionMask = 2147483647;
			files = (
			);
			runOnlyForDeploymentPostprocessing = 0;
		};
		A5E4A7AF1A3C576200DA502D /* Frameworks */ = {
			isa = PBXFrameworksBuildPhase;
			buildActionMask = 2147483647;
			files = (
			);
			runOnlyForDeploymentPostprocessing = 0;
		};
/* End PBXFrameworksBuildPhase section */

/* Begin PBXGroup section */
		A5E4A7901A3C576200DA502D = {
			isa = PBXGroup;
			children = (
				A5E4A79B1A3C576200DA502D /* Machismo */,
				A5E4A7B51A3C576200DA502D /* MachismoTests */,
				A5E4A79A1A3C576200DA502D /* Products */,
			);
			sourceTree = "<group>";
		};
		A5E4A79A1A3C576200DA502D /* Products */ = {
			isa = PBXGroup;
			children = (
				A5E4A7991A3C576200DA502D /* Machismo.app */,
				A5E4A7B21A3C576200DA502D /* MachismoTests.xctest */,
			);
			name = Products;
			sourceTree = "<group>";
		};
		A5E4A79B1A3C576200DA502D /* Machismo */ = {
			isa = PBXGroup;
			children = (
				A5E4A7A01A3C576200DA502D /* AppDelegate.h */,
				A5E4A7A11A3C576200DA502D /* AppDelegate.m */,
				A5E4A7A31A3C576200DA502D /* ViewController.h */,
				A5E4A7A41A3C576200DA502D /* ViewController.m */,
				A5E4A7A61A3C576200DA502D /* Main.storyboard */,
				A5E4A7A91A3C576200DA502D /* Images.xcassets */,
				A5E4A7AB1A3C576200DA502D /* LaunchScreen.xib */,
				A5E4A79C1A3C576200DA502D /* Supporting Files */,
			);
			path = Machismo;
			sourceTree = "<group>";
		};
		A5E4A79C1A3C576200DA502D /* Supporting Files */ = {
			isa = PBXGroup;
			children = (
				A5E4A79D1A3C576200DA502D /* Info.plist */,
				A5E4A79E1A3C576200DA502D /* main.m */,
			);
			name = "Supporting Files";
			sourceTree = "<group>";
		};
		A5E4A7B51A3C576200DA502D /* MachismoTests */ = {
			isa = PBXGroup;
			children = (
				A5E4A7B81A3C576200DA502D /* MachismoTests.m */,
				A5E4A7B61A3C576200DA502D /* Supporting Files */,
			);
			path = MachismoTests;
			sourceTree = "<group>";
		};
		A5E4A7B61A3C576200DA502D /* Supporting Files */ = {
			isa = PBXGroup;
			children = (
				A5E4A7B71A3C576200DA502D /* Info.plist */,
			);
			name = "Supporting Files";
			sourceTree = "<group>";
		};
/* End PBXGroup section */

/* Begin PBXNativeTarget section */
		A5E4A7981A3C576200DA502D /* Machismo */ = {
			isa = PBXNativeTarget;
			buildConfigurationList = A5E4A7BC1A3C576200DA502D /* Build configuration list for PBXNativeTarget "Machismo" */;
			buildPhases = (
				A5E4A7951A3C576200DA502D /* Sources */,
				A5E4A7961A3C576200DA502D /* Frameworks */,
				A5E4A7971A3C576200DA502D /* Resources */,
			);
			buildRules = (
			);
			dependencies = (
			);
			name = Machismo;
			productName = Machismo;
			productReference = A5E4A7991A3C576200DA502D /* Machismo.app */;
			productType = "com.apple.product-type.application";
		};
		A5E4A7B11A3C576200DA502D /* MachismoTests */ = {
			isa = PBXNativeTarget;
			buildConfigurationList = A5E4A7BF1A3C576200DA502D /* Build configuration list for PBXNativeTarget "MachismoTests" */;
			buildPhases = (
				A5E4A7AE1A3C576200DA502D /* Sources */,
				A5E4A7AF1A3C576200DA502D /* Frameworks */,
				A5E4A7B01A3C576200DA502D /* Resources */,
			);
			buildRules = (
			);
			dependencies = (
				A5E4A7B41A3C576200DA502D /* PBXTargetDependency */,
			);
			name = MachismoTests;
			productName = MachismoTests;
			productReference = A5E4A7B21A3C576200DA502D /* MachismoTests.xctest */;
			productType = "com.apple.product-type.bundle.unit-test";
		};
/* End PBXNativeTarget section */

/* Begin PBXProject section */
		A5E4A7911A3C576200DA502D /* Project object */ = {
			isa = PBXProject;
			attributes = {
				LastUpgradeCheck = 0610;
				ORGANIZATIONNAME = "Beihang University";
				TargetAttributes = {
					A5E4A7981A3C576200DA502D = {
						CreatedOnToolsVersion = 6.1.1;
					};
					A5E4A7B11A3C576200DA502D = {
						CreatedOnToolsVersion = 6.1.1;
						TestTargetID = A5E4A7981A3C576200DA502D;
					};
				};
			};
			buildConfigurationList = A5E4A7941A3C576200DA502D /* Build configuration list for PBXProject "Machismo" */;
			compatibilityVersion = "Xcode 3.2";
			developmentRegion = English;
			hasScannedForEncodings = 0;
			knownRegions = (
				en,
				Base,
			);
			mainGroup = A5E4A7901A3C576200DA502D;
			productRefGroup = A5E4A79A1A3C576200DA502D /* Products */;
			projectDirPath = "";
			projectRoot = "";
			targets = (
				A5E4A7981A3C576200DA502D /* Machismo */,
				A5E4A7B11A3C576200DA502D /* MachismoTests */,
			);
		};
/* End PBXProject section */

/* Begin PBXResourcesBuildPhase section */
		A5E4A7971A3C576200DA502D /* Resources */ = {
			isa = PBXResourcesBuildPhase;
			buildActionMask = 2147483647;
			files = (
				A5E4A7A81A3C576200DA502D /* Main.storyboard in Resources */,
				A5E4A7AD1A3C576200DA502D /* LaunchScreen.xib in Resources */,
				A5E4A7AA1A3C576200DA502D /* Images.xcassets in Resources */,
			);
			runOnlyForDeploymentPostprocessing = 0;
		};
		A5E4A7B01A3C576200DA502D /* Resources */ = {
			isa = PBXResourcesBuildPhase;
			buildActionMask = 2147483647;
			files = (
			);
			runOnlyForDeploymentPostprocessing = 0;
		};
/* End PBXResourcesBuildPhase section */

/* Begin PBXSourcesBuildPhase section */
		A5E4A7951A3C576200DA502D /* Sources */ = {
			isa = PBXSourcesBuildPhase;
			buildActionMask = 2147483647;
			files = (
				A5E4A7A51A3C576200DA502D /* ViewController.m in Sources */,
				A5E4A7A21A3C576200DA502D /* AppDelegate.m in Sources */,
				A5E4A79F1A3C576200DA502D /* main.m in Sources */,
			);
			runOnlyForDeploymentPostprocessing = 0;
		};
		A5E4A7AE1A3C576200DA502D /* Sources */ = {
			isa = PBXSourcesBuildPhase;
			buildActionMask = 2147483647;
			files = (
				A5E4A7B91A3C576200DA502D /* MachismoTests.m in Sources */,
			);
			runOnlyForDeploymentPostprocessing = 0;
		};
/* End PBXSourcesBuildPhase section */

/* Begin PBXTargetDependency section */
		A5E4A7B41A3C576200DA502D /* PBXTargetDependency */ = {
			isa = PBXTargetDependency;
			target = A5E4A7981A3C576200DA502D /* Machismo */;
			targetProxy = A5E4A7B31A3C576200DA502D /* PBXContainerItemProxy */;
		};
/* End PBXTargetDependency section */

/* Begin PBXVariantGroup section */
		A5E4A7A61A3C576200DA502D /* Main.storyboard */ = {
			isa = PBXVariantGroup;
			children = (
				A5E4A7A71A3C576200DA502D /* Base */,
			);
			name = Main.storyboard;
			sourceTree = "<group>";
		};
		A5E4A7AB1A3C576200DA502D /* LaunchScreen.xib */ = {
			isa = PBXVariantGroup;
			children = (
				A5E4A7AC1A3C576200DA502D /* Base */,
			);
			name = LaunchScreen.xib;
			sourceTree = "<group>";
		};
/* End PBXVariantGroup section */

/* Begin XCBuildConfiguration section */
		A5E4A7BA1A3C576200DA502D /* Debug */ = {
			isa = XCBuildConfiguration;
			buildSettings = {
				ALWAYS_SEARCH_USER_PATHS = NO;
				CLANG_CXX_LANGUAGE_STANDARD = "gnu++0x";
				CLANG_CXX_LIBRARY = "libc++";
				CLANG_ENABLE_MODULES = YES;
				CLANG_ENABLE_OBJC_ARC = YES;
				CLANG_WARN_BOOL_CONVERSION = YES;
				CLANG_WARN_CONSTANT_CONVERSION = YES;
				CLANG_WARN_DIRECT_OBJC_ISA_USAGE = YES_ERROR;
				CLANG_WARN_EMPTY_BODY = YES;
				CLANG_WARN_ENUM_CONVERSION = YES;
				CLANG_WARN_INT_CONVERSION = YES;
				CLANG_WARN_OBJC_ROOT_CLASS = YES_ERROR;
				CLANG_WARN_UNREACHABLE_CODE = YES;
				CLANG_WARN__DUPLICATE_METHOD_MATCH = YES;
				"CODE_SIGN_IDENTITY[sdk=iphoneos*]" = "iPhone Developer";
				COPY_PHASE_STRIP = NO;
				ENABLE_STRICT_OBJC_MSGSEND = YES;
				GCC_C_LANGUAGE_STANDARD = gnu99;
				GCC_DYNAMIC_NO_PIC = NO;
				GCC_OPTIMIZATION_LEVEL = 0;
				GCC_PREPROCESSOR_DEFINITIONS = (
					"DEBUG=1",
					"$(inherited)",
				);
				GCC_SYMBOLS_PRIVATE_EXTERN = NO;
				GCC_WARN_64_TO_32_BIT_CONVERSION = YES;
				GCC_WARN_ABOUT_RETURN_TYPE = YES_ERROR;
				GCC_WARN_UNDECLARED_SELECTOR = YES;
				GCC_WARN_UNINITIALIZED_AUTOS = YES_AGGRESSIVE;
				GCC_WARN_UNUSED_FUNCTION = YES;
				GCC_WARN_UNUSED_VARIABLE = YES;
				IPHONEOS_DEPLOYMENT_TARGET = 8.1;
				MTL_ENABLE_DEBUG_INFO = YES;
				ONLY_ACTIVE_ARCH = YES;
				SDKROOT = iphoneos;
				TARGETED_DEVICE_FAMILY = "1,2";
			};
			name = Debug;
		};
		A5E4A7BB1A3C576200DA502D /* Release */ = {
			isa = XCBuildConfiguration;
			buildSettings = {
				ALWAYS_SEARCH_USER_PATHS = NO;
				CLANG_CXX_LANGUAGE_STANDARD = "gnu++0x";
				CLANG_CXX_LIBRARY = "libc++";
				CLANG_ENABLE_MODULES = YES;
				CLANG_ENABLE_OBJC_ARC = YES;
				CLANG_WARN_BOOL_CONVERSION = YES;
				CLANG_WARN_CONSTANT_CONVERSION = YES;
				CLANG_WARN_DIRECT_OBJC_ISA_USAGE = YES_ERROR;
				CLANG_WARN_EMPTY_BODY = YES;
				CLANG_WARN_ENUM_CONVERSION = YES;
				CLANG_WARN_INT_CONVERSION = YES;
				CLANG_WARN_OBJC_ROOT_CLASS = YES_ERROR;
				CLANG_WARN_UNREACHABLE_CODE = YES;
				CLANG_WARN__DUPLICATE_METHOD_MATCH = YES;
				"CODE_SIGN_IDENTITY[sdk=iphoneos*]" = "iPhone Developer";
				COPY_PHASE_STRIP = YES;
				ENABLE_NS_ASSERTIONS = NO;
				ENABLE_STRICT_OBJC_MSGSEND = YES;
				GCC_C_LANGUAGE_STANDARD = gnu99;
				GCC_WARN_64_TO_32_BIT_CONVERSION = YES;
				GCC_WARN_ABOUT_RETURN_TYPE = YES_ERROR;
				GCC_WARN_UNDECLARED_SELECTOR = YES;
				GCC_WARN_UNINITIALIZED_AUTOS = YES_AGGRESSIVE;
				GCC_WARN_UNUSED_FUNCTION = YES;
				GCC_WARN_UNUSED_VARIABLE = YES;
				IPHONEOS_DEPLOYMENT_TARGET = 8.1;
				MTL_ENABLE_DEBUG_INFO = NO;
				SDKROOT = iphoneos;
				TARGETED_DEVICE_FAMILY = "1,2";
				VALIDATE_PRODUCT = YES;
			};
			name = Release;
		};
		A5E4A7BD1A3C576200DA502D /* Debug */ = {
			isa = XCBuildConfiguration;
			buildSettings = {
				ASSETCATALOG_COMPILER_APPICON_NAME = AppIcon;
				INFOPLIST_FILE = Machismo/Info.plist;
				LD_RUNPATH_SEARCH_PATHS = "$(inherited) @executable_path/Frameworks";
				PRODUCT_NAME = "$(TARGET_NAME)";
			};
			name = Debug;
		};
		A5E4A7BE1A3C576200DA502D /* Release */ = {
			isa = XCBuildConfiguration;
			buildSettings = {
				ASSETCATALOG_COMPILER_APPICON_NAME = AppIcon;
				INFOPLIST_FILE = Machismo/Info.plist;
				LD_RUNPATH_SEARCH_PATHS = "$(inherited) @executable_path/Frameworks";
				PRODUCT_NAME = "$(TARGET_NAME)";
			};
			name = Release;
		};
		A5E4A7C01A3C576200DA502D /* Debug */ = {
			isa = XCBuildConfiguration;
			buildSettings = {
				BUNDLE_LOADER = "$(TEST_HOST)";
				FRAMEWORK_SEARCH_PATHS = (
					"$(SDKROOT)/Developer/Library/Frameworks",
					"$(inherited)",
				);
				GCC_PREPROCESSOR_DEFINITIONS = (
					"DEBUG=1",
					"$(inherited)",
				);
				INFOPLIST_FILE = MachismoTests/Info.plist;
				LD_RUNPATH_SEARCH_PATHS = "$(inherited) @executable_path/Frameworks @loader_path/Frameworks";
				PRODUCT_NAME = "$(TARGET_NAME)";
				TEST_HOST = "$(BUILT_PRODUCTS_DIR)/Machismo.app/Machismo";
			};
			name = Debug;
		};
		A5E4A7C11A3C576200DA502D /* Release */ = {
			isa = XCBuildConfiguration;
			buildSettings = {
				BUNDLE_LOADER = "$(TEST_HOST)";
				FRAMEWORK_SEARCH_PATHS = (
					"$(SDKROOT)/Developer/Library/Frameworks",
					"$(inherited)",
				);
				INFOPLIST_FILE = MachismoTests/Info.plist;
				LD_RUNPATH_SEARCH_PATHS = "$(inherited) @executable_path/Frameworks @loader_path/Frameworks";
				PRODUCT_NAME = "$(TARGET_NAME)";
				TEST_HOST = "$(BUILT_PRODUCTS_DIR)/Machismo.app/Machismo";
			};
			name = Release;
		};
/* End XCBuildConfiguration section */

/* Begin XCConfigurationList section */
		A5E4A7941A3C576200DA502D /* Build configuration list for PBXProject "Machismo" */ = {
			isa = XCConfigurationList;
			buildConfigurations = (
				A5E4A7BA1A3C576200DA502D /* Debug */,
				A5E4A7BB1A3C576200DA502D /* Release */,
			);
			defaultConfigurationIsVisible = 0;
			defaultConfigurationName = Release;
		};
		A5E4A7BC1A3C576200DA502D /* Build configuration list for PBXNativeTarget "Machismo" */ = {
			isa = XCConfigurationList;
			buildConfigurations = (
				A5E4A7BD1A3C576200DA502D /* Debug */,
				A5E4A7BE1A3C576200DA502D /* Release */,
			);
			defaultConfigurationIsVisible = 0;
		};
		A5E4A7BF1A3C576200DA502D /* Build configuration list for PBXNativeTarget "MachismoTests" */ = {
			isa = XCConfigurationList;
			buildConfigurations = (
				A5E4A7C01A3C576200DA502D /* Debug */,
				A5E4A7C11A3C576200DA502D /* Release */,
			);
			defaultConfigurationIsVisible = 0;
		};
/* End XCConfigurationList section */
	};
	rootObject = A5E4A7911A3C576200DA502D /* Project object */;
}
